
Microsoft Visual Studio Solution File, Format Version 12.00
# Visual Studio Version 17
VisualStudioVersion = 17.7.34031.279
MinimumVisualStudioVersion = 10.0.40219.1
Project("{FAE04EC0-301F-11D3-BF4B-00C04F79EFBC}") = "Decorator", "Decorator\Decorator.csproj", "{6BE704FE-7916-4F03-8322-567FA3F612D4}"
EndProject
Project("{FAE04EC0-301F-11D3-BF4B-00C04F79EFBC}") = "UnitTest", "UnitTest\UnitTest.csproj", "{79F61B08-AABE-4BEC-828E-20C9C9311052}"
EndProject
Global
	GlobalSection(SolutionConfigurationPlatforms) = preSolution
		Debug|Any CPU = Debug|Any CPU
		Release|Any CPU = Release|Any CPU
	EndGlobalSection
	GlobalSection(ProjectConfigurationPlatforms) = postSolution
		{6BE704FE-7916-4F03-8322-567FA3F612D4}.Debug|Any CPU.ActiveCfg = Debug|Any CPU
		{6BE704FE-7916-4F03-8322-567FA3F612D4}.Debug|Any CPU.Build.0 = Debug|Any CPU
		{6BE704FE-7916-4F03-8322-567FA3F612D4}.Release|Any CPU.ActiveCfg = Release|Any CPU
		{6BE704FE-7916-4F03-8322-567FA3F612D4}.Release|Any CPU.Build.0 = Release|Any CPU
		{79F61B08-AABE-4BEC-828E-20C9C9311052}.Debug|Any CPU.ActiveCfg = Debug|Any CPU
		{79F61B08-AABE-4BEC-828E-20C9C9311052}.Debug|Any CPU.Build.0 = Debug|Any CPU
		{79F61B08-AABE-4BEC-828E-20C9C9311052}.Release|Any CPU.ActiveCfg = Release|Any CPU
		{79F61B08-AABE-4BEC-828E-20C9C9311052}.Release|Any CPU.Build.0 = Release|Any CPU
	EndGlobalSection
	GlobalSection(SolutionProperties) = preSolution
		HideSolutionNode = FALSE
	EndGlobalSection
	GlobalSection(ExtensibilityGlobals) = postSolution
		SolutionGuid = {BD17C572-3FD8-48BB-9224-A1FD4CBB448A}
	EndGlobalSection
EndGlobal
